// !$*UTF8*$!
{
	archiveVersion = 1;
	classes = {
	};
	objectVersion = 50;
	objects = {

/* Begin PBXBuildFile section */
		3F2FA66327BC37080081A5CB /* Alegreya-Medium.ttf in Resources */ = {isa = PBXBuildFile; fileRef = 3F2FA66227BC37080081A5CB /* Alegreya-Medium.ttf */; };
		3F2FA66527BC373C0081A5CB /* AlegreyaSans-Medium.ttf in Resources */ = {isa = PBXBuildFile; fileRef = 3F2FA66427BC373C0081A5CB /* AlegreyaSans-Medium.ttf */; };
		3F2FA66727BC37410081A5CB /* AlegreyaSans-Regular.ttf in Resources */ = {isa = PBXBuildFile; fileRef = 3F2FA66627BC37410081A5CB /* AlegreyaSans-Regular.ttf */; };
		3F2FA66927BC3BDE0081A5CB /* Moodlet.swift in Sources */ = {isa = PBXBuildFile; fileRef = 3F2FA66827BC3BDE0081A5CB /* Moodlet.swift */; };
		3F52E95927B9736C00637ABF /* AuthTextField.swift in Sources */ = {isa = PBXBuildFile; fileRef = 3FDB811327B8565000B1AD3B /* AuthTextField.swift */; };
		3F52E95B27B973E700637ABF /* BoldButton.swift in Sources */ = {isa = PBXBuildFile; fileRef = 3F52E95A27B973E700637ABF /* BoldButton.swift */; };
		3F52E95F27B977D800637ABF /* OnboardingView.swift in Sources */ = {isa = PBXBuildFile; fileRef = 3F52E95E27B977D800637ABF /* OnboardingView.swift */; };
		3F52E96327B9809000637ABF /* AuthorizationView.swift in Sources */ = {isa = PBXBuildFile; fileRef = 3F52E96227B9809000637ABF /* AuthorizationView.swift */; };
		3F5CF3D827BE557500C95E39 /* HoroscopeSign.swift in Sources */ = {isa = PBXBuildFile; fileRef = 3F5CF3D727BE557500C95E39 /* HoroscopeSign.swift */; };
		3F5CF3DA27BE558900C95E39 /* MoodletRepresentable.swift in Sources */ = {isa = PBXBuildFile; fileRef = 3F5CF3D927BE558900C95E39 /* MoodletRepresentable.swift */; };
		3F62DA2D27BD04760048A624 /* MeditationView.swift in Sources */ = {isa = PBXBuildFile; fileRef = 3F62DA2C27BD04760048A624 /* MeditationView.swift */; };
		3F62DA2F27BD0F550048A624 /* UserView.swift in Sources */ = {isa = PBXBuildFile; fileRef = 3F62DA2E27BD0F550048A624 /* UserView.swift */; };
		3F7E7CE827ABE573005EE388 /* AppDelegate.swift in Sources */ = {isa = PBXBuildFile; fileRef = 3F7E7CE727ABE573005EE388 /* AppDelegate.swift */; };
		3F7E7CEA27ABE573005EE388 /* SceneDelegate.swift in Sources */ = {isa = PBXBuildFile; fileRef = 3F7E7CE927ABE573005EE388 /* SceneDelegate.swift */; };
		3F7E7CF127ABE573005EE388 /* Assets.xcassets in Resources */ = {isa = PBXBuildFile; fileRef = 3F7E7CF027ABE573005EE388 /* Assets.xcassets */; };
		3F7E7CF427ABE573005EE388 /* LaunchScreen.storyboard in Resources */ = {isa = PBXBuildFile; fileRef = 3F7E7CF227ABE573005EE388 /* LaunchScreen.storyboard */; };
		3FDB811627B85A2400B1AD3B /* Resources.swift in Sources */ = {isa = PBXBuildFile; fileRef = 3FDB811527B85A2400B1AD3B /* Resources.swift */; };
		3FFA5F8E27BC3DF00091C531 /* Emotion.swift in Sources */ = {isa = PBXBuildFile; fileRef = 3FFA5F8D27BC3DF00091C531 /* Emotion.swift */; };
		3FFA5F9227BC42CE0091C531 /* DashboardView.swift in Sources */ = {isa = PBXBuildFile; fileRef = 3FFA5F9127BC42CE0091C531 /* DashboardView.swift */; };
/* End PBXBuildFile section */

/* Begin PBXCopyFilesBuildPhase section */
		3F52E95227B972A200637ABF /* Embed Frameworks */ = {
			isa = PBXCopyFilesBuildPhase;
			buildActionMask = 2147483647;
			dstPath = "";
			dstSubfolderSpec = 10;
			files = (
			);
			name = "Embed Frameworks";
			runOnlyForDeploymentPostprocessing = 0;
		};
/* End PBXCopyFilesBuildPhase section */

/* Begin PBXFileReference section */
		3F2FA66227BC37080081A5CB /* Alegreya-Medium.ttf */ = {isa = PBXFileReference; lastKnownFileType = file; path = "Alegreya-Medium.ttf"; sourceTree = "<group>"; };
		3F2FA66427BC373C0081A5CB /* AlegreyaSans-Medium.ttf */ = {isa = PBXFileReference; lastKnownFileType = file; path = "AlegreyaSans-Medium.ttf"; sourceTree = "<group>"; };
		3F2FA66627BC37410081A5CB /* AlegreyaSans-Regular.ttf */ = {isa = PBXFileReference; lastKnownFileType = file; path = "AlegreyaSans-Regular.ttf"; sourceTree = "<group>"; };
		3F2FA66827BC3BDE0081A5CB /* Moodlet.swift */ = {isa = PBXFileReference; lastKnownFileType = sourcecode.swift; path = Moodlet.swift; sourceTree = "<group>"; };
		3F52E95A27B973E700637ABF /* BoldButton.swift */ = {isa = PBXFileReference; lastKnownFileType = sourcecode.swift; path = BoldButton.swift; sourceTree = "<group>"; };
		3F52E95E27B977D800637ABF /* OnboardingView.swift */ = {isa = PBXFileReference; lastKnownFileType = sourcecode.swift; path = OnboardingView.swift; sourceTree = "<group>"; };
		3F52E96227B9809000637ABF /* AuthorizationView.swift */ = {isa = PBXFileReference; lastKnownFileType = sourcecode.swift; path = AuthorizationView.swift; sourceTree = "<group>"; };
		3F5CF3D727BE557500C95E39 /* HoroscopeSign.swift */ = {isa = PBXFileReference; lastKnownFileType = sourcecode.swift; path = HoroscopeSign.swift; sourceTree = "<group>"; };
		3F5CF3D927BE558900C95E39 /* MoodletRepresentable.swift */ = {isa = PBXFileReference; lastKnownFileType = sourcecode.swift; path = MoodletRepresentable.swift; sourceTree = "<group>"; };
		3F62DA2C27BD04760048A624 /* MeditationView.swift */ = {isa = PBXFileReference; lastKnownFileType = sourcecode.swift; path = MeditationView.swift; sourceTree = "<group>"; };
		3F62DA2E27BD0F550048A624 /* UserView.swift */ = {isa = PBXFileReference; lastKnownFileType = sourcecode.swift; path = UserView.swift; sourceTree = "<group>"; };
		3F7E7CE427ABE573005EE388 /* Relax App.app */ = {isa = PBXFileReference; explicitFileType = wrapper.application; includeInIndex = 0; path = "Relax App.app"; sourceTree = BUILT_PRODUCTS_DIR; };
		3F7E7CE727ABE573005EE388 /* AppDelegate.swift */ = {isa = PBXFileReference; lastKnownFileType = sourcecode.swift; path = AppDelegate.swift; sourceTree = "<group>"; };
		3F7E7CE927ABE573005EE388 /* SceneDelegate.swift */ = {isa = PBXFileReference; lastKnownFileType = sourcecode.swift; path = SceneDelegate.swift; sourceTree = "<group>"; };
		3F7E7CF027ABE573005EE388 /* Assets.xcassets */ = {isa = PBXFileReference; lastKnownFileType = folder.assetcatalog; path = Assets.xcassets; sourceTree = "<group>"; };
		3F7E7CF327ABE573005EE388 /* Base */ = {isa = PBXFileReference; lastKnownFileType = file.storyboard; name = Base; path = Base.lproj/LaunchScreen.storyboard; sourceTree = "<group>"; };
		3F7E7CF527ABE573005EE388 /* Info.plist */ = {isa = PBXFileReference; lastKnownFileType = text.plist.xml; path = Info.plist; sourceTree = "<group>"; };
		3FDB811327B8565000B1AD3B /* AuthTextField.swift */ = {isa = PBXFileReference; lastKnownFileType = sourcecode.swift; path = AuthTextField.swift; sourceTree = "<group>"; };
		3FDB811527B85A2400B1AD3B /* Resources.swift */ = {isa = PBXFileReference; lastKnownFileType = sourcecode.swift; path = Resources.swift; sourceTree = "<group>"; };
		3FFA5F8D27BC3DF00091C531 /* Emotion.swift */ = {isa = PBXFileReference; lastKnownFileType = sourcecode.swift; path = Emotion.swift; sourceTree = "<group>"; };
		3FFA5F9127BC42CE0091C531 /* DashboardView.swift */ = {isa = PBXFileReference; lastKnownFileType = sourcecode.swift; path = DashboardView.swift; sourceTree = "<group>"; };
/* End PBXFileReference section */

/* Begin PBXFrameworksBuildPhase section */
		3F7E7CE127ABE573005EE388 /* Frameworks */ = {
			isa = PBXFrameworksBuildPhase;
			buildActionMask = 2147483647;
			files = (
			);
			runOnlyForDeploymentPostprocessing = 0;
		};
/* End PBXFrameworksBuildPhase section */

/* Begin PBXGroup section */
		3F52E96427B989F900637ABF /* Screens */ = {
			isa = PBXGroup;
			children = (
				3FFA5F9127BC42CE0091C531 /* DashboardView.swift */,
				3F7E7CF227ABE573005EE388 /* LaunchScreen.storyboard */,
				3F52E95E27B977D800637ABF /* OnboardingView.swift */,
				3F52E96227B9809000637ABF /* AuthorizationView.swift */,
			);
			path = Screens;
			sourceTree = "<group>";
		};
		3F52E96527B98A1600637ABF /* Custom View */ = {
			isa = PBXGroup;
			children = (
				3FDB811327B8565000B1AD3B /* AuthTextField.swift */,
				3F52E95A27B973E700637ABF /* BoldButton.swift */,
				3F2FA66827BC3BDE0081A5CB /* Moodlet.swift */,
				3F62DA2C27BD04760048A624 /* MeditationView.swift */,
				3F62DA2E27BD0F550048A624 /* UserView.swift */,
			);
			path = "Custom View";
			sourceTree = "<group>";
		};
		3F52E96627B98A2F00637ABF /* Resources */ = {
			isa = PBXGroup;
			children = (
				3F2FA66627BC37410081A5CB /* AlegreyaSans-Regular.ttf */,
				3F2FA66427BC373C0081A5CB /* AlegreyaSans-Medium.ttf */,
				3F2FA66227BC37080081A5CB /* Alegreya-Medium.ttf */,
				3F7E7CF027ABE573005EE388 /* Assets.xcassets */,
				3FDB811527B85A2400B1AD3B /* Resources.swift */,
			);
			path = Resources;
			sourceTree = "<group>";
		};
		3F52E96727B98A4900637ABF /* AppDelegate */ = {
			isa = PBXGroup;
			children = (
				3F7E7CE727ABE573005EE388 /* AppDelegate.swift */,
				3F7E7CE927ABE573005EE388 /* SceneDelegate.swift */,
			);
			path = AppDelegate;
			sourceTree = "<group>";
		};
		3F7E7CDB27ABE573005EE388 = {
			isa = PBXGroup;
			children = (
				3F7E7CE627ABE573005EE388 /* Relax App */,
				3F7E7CE527ABE573005EE388 /* Products */,
			);
			sourceTree = "<group>";
		};
		3F7E7CE527ABE573005EE388 /* Products */ = {
			isa = PBXGroup;
			children = (
				3F7E7CE427ABE573005EE388 /* Relax App.app */,
			);
			name = Products;
			sourceTree = "<group>";
		};
		3F7E7CE627ABE573005EE388 /* Relax App */ = {
			isa = PBXGroup;
			children = (
				3F52E96727B98A4900637ABF /* AppDelegate */,
				3F52E96627B98A2F00637ABF /* Resources */,
				3F52E96527B98A1600637ABF /* Custom View */,
				3F52E96427B989F900637ABF /* Screens */,
				3F7E7CF527ABE573005EE388 /* Info.plist */,
				3F5CF3D927BE558900C95E39 /* MoodletRepresentable.swift */,
				3FFA5F8D27BC3DF00091C531 /* Emotion.swift */,
				3F5CF3D727BE557500C95E39 /* HoroscopeSign.swift */,
			);
			path = "Relax App";
			sourceTree = "<group>";
		};
/* End PBXGroup section */

/* Begin PBXNativeTarget section */
		3F7E7CE327ABE573005EE388 /* Relax App */ = {
			isa = PBXNativeTarget;
			buildConfigurationList = 3F7E7CF827ABE573005EE388 /* Build configuration list for PBXNativeTarget "Relax App" */;
			buildPhases = (
				3F7E7CE027ABE573005EE388 /* Sources */,
				3F7E7CE127ABE573005EE388 /* Frameworks */,
				3F7E7CE227ABE573005EE388 /* Resources */,
				3F52E95227B972A200637ABF /* Embed Frameworks */,
			);
			buildRules = (
			);
			dependencies = (
			);
			name = "Relax App";
			productName = "Relax App";
			productReference = 3F7E7CE427ABE573005EE388 /* Relax App.app */;
			productType = "com.apple.product-type.application";
		};
/* End PBXNativeTarget section */

/* Begin PBXProject section */
		3F7E7CDC27ABE573005EE388 /* Project object */ = {
			isa = PBXProject;
			attributes = {
				LastSwiftUpdateCheck = 1250;
				LastUpgradeCheck = 1250;
				TargetAttributes = {
					3F7E7CE327ABE573005EE388 = {
						CreatedOnToolsVersion = 12.5;
					};
				};
			};
			buildConfigurationList = 3F7E7CDF27ABE573005EE388 /* Build configuration list for PBXProject "Relax App" */;
			compatibilityVersion = "Xcode 9.3";
			developmentRegion = en;
			hasScannedForEncodings = 0;
			knownRegions = (
				en,
				Base,
			);
			mainGroup = 3F7E7CDB27ABE573005EE388;
			productRefGroup = 3F7E7CE527ABE573005EE388 /* Products */;
			projectDirPath = "";
			projectRoot = "";
			targets = (
				3F7E7CE327ABE573005EE388 /* Relax App */,
			);
		};
/* End PBXProject section */

/* Begin PBXResourcesBuildPhase section */
		3F7E7CE227ABE573005EE388 /* Resources */ = {
			isa = PBXResourcesBuildPhase;
			buildActionMask = 2147483647;
			files = (
				3F2FA66527BC373C0081A5CB /* AlegreyaSans-Medium.ttf in Resources */,
				3F2FA66327BC37080081A5CB /* Alegreya-Medium.ttf in Resources */,
				3F7E7CF427ABE573005EE388 /* LaunchScreen.storyboard in Resources */,
				3F2FA66727BC37410081A5CB /* AlegreyaSans-Regular.ttf in Resources */,
				3F7E7CF127ABE573005EE388 /* Assets.xcassets in Resources */,
			);
			runOnlyForDeploymentPostprocessing = 0;
		};
/* End PBXResourcesBuildPhase section */

/* Begin PBXSourcesBuildPhase section */
		3F7E7CE027ABE573005EE388 /* Sources */ = {
			isa = PBXSourcesBuildPhase;
			buildActionMask = 2147483647;
			files = (
				3F52E95B27B973E700637ABF /* BoldButton.swift in Sources */,
				3FFA5F8E27BC3DF00091C531 /* Emotion.swift in Sources */,
				3F62DA2D27BD04760048A624 /* MeditationView.swift in Sources */,
				3F5CF3D827BE557500C95E39 /* HoroscopeSign.swift in Sources */,
				3F52E95927B9736C00637ABF /* AuthTextField.swift in Sources */,
				3F5CF3DA27BE558900C95E39 /* MoodletRepresentable.swift in Sources */,
				3F7E7CE827ABE573005EE388 /* AppDelegate.swift in Sources */,
				3F2FA66927BC3BDE0081A5CB /* Moodlet.swift in Sources */,
				3FDB811627B85A2400B1AD3B /* Resources.swift in Sources */,
				3F62DA2F27BD0F550048A624 /* UserView.swift in Sources */,
				3F7E7CEA27ABE573005EE388 /* SceneDelegate.swift in Sources */,
				3FFA5F9227BC42CE0091C531 /* DashboardView.swift in Sources */,
				3F52E96327B9809000637ABF /* AuthorizationView.swift in Sources */,
				3F52E95F27B977D800637ABF /* OnboardingView.swift in Sources */,
			);
			runOnlyForDeploymentPostprocessing = 0;
		};
/* End PBXSourcesBuildPhase section */

/* Begin PBXVariantGroup section */
		3F7E7CF227ABE573005EE388 /* LaunchScreen.storyboard */ = {
			isa = PBXVariantGroup;
			children = (
				3F7E7CF327ABE573005EE388 /* Base */,
			);
			name = LaunchScreen.storyboard;
			sourceTree = "<group>";
		};
/* End PBXVariantGroup section */

/* Begin XCBuildConfiguration section */
		3F7E7CF627ABE573005EE388 /* Debug */ = {
			isa = XCBuildConfiguration;
			buildSettings = {
				ALWAYS_SEARCH_USER_PATHS = NO;
				CLANG_ANALYZER_NONNULL = YES;
				CLANG_ANALYZER_NUMBER_OBJECT_CONVERSION = YES_AGGRESSIVE;
				CLANG_CXX_LANGUAGE_STANDARD = "gnu++14";
				CLANG_CXX_LIBRARY = "libc++";
				CLANG_ENABLE_MODULES = YES;
				CLANG_ENABLE_OBJC_ARC = YES;
				CLANG_ENABLE_OBJC_WEAK = YES;
				CLANG_WARN_BLOCK_CAPTURE_AUTORELEASING = YES;
				CLANG_WARN_BOOL_CONVERSION = YES;
				CLANG_WARN_COMMA = YES;
				CLANG_WARN_CONSTANT_CONVERSION = YES;
				CLANG_WARN_DEPRECATED_OBJC_IMPLEMENTATIONS = YES;
				CLANG_WARN_DIRECT_OBJC_ISA_USAGE = YES_ERROR;
				CLANG_WARN_DOCUMENTATION_COMMENTS = YES;
				CLANG_WARN_EMPTY_BODY = YES;
				CLANG_WARN_ENUM_CONVERSION = YES;
				CLANG_WARN_INFINITE_RECURSION = YES;
				CLANG_WARN_INT_CONVERSION = YES;
				CLANG_WARN_NON_LITERAL_NULL_CONVERSION = YES;
				CLANG_WARN_OBJC_IMPLICIT_RETAIN_SELF = YES;
				CLANG_WARN_OBJC_LITERAL_CONVERSION = YES;
				CLANG_WARN_OBJC_ROOT_CLASS = YES_ERROR;
				CLANG_WARN_QUOTED_INCLUDE_IN_FRAMEWORK_HEADER = YES;
				CLANG_WARN_RANGE_LOOP_ANALYSIS = YES;
				CLANG_WARN_STRICT_PROTOTYPES = YES;
				CLANG_WARN_SUSPICIOUS_MOVE = YES;
				CLANG_WARN_UNGUARDED_AVAILABILITY = YES_AGGRESSIVE;
				CLANG_WARN_UNREACHABLE_CODE = YES;
				CLANG_WARN__DUPLICATE_METHOD_MATCH = YES;
				COPY_PHASE_STRIP = NO;
				DEBUG_INFORMATION_FORMAT = dwarf;
				ENABLE_STRICT_OBJC_MSGSEND = YES;
				ENABLE_TESTABILITY = YES;
				GCC_C_LANGUAGE_STANDARD = gnu11;
				GCC_DYNAMIC_NO_PIC = NO;
				GCC_NO_COMMON_BLOCKS = YES;
				GCC_OPTIMIZATION_LEVEL = 0;
				GCC_PREPROCESSOR_DEFINITIONS = (
					"DEBUG=1",
					"$(inherited)",
				);
				GCC_WARN_64_TO_32_BIT_CONVERSION = YES;
				GCC_WARN_ABOUT_RETURN_TYPE = YES_ERROR;
				GCC_WARN_UNDECLARED_SELECTOR = YES;
				GCC_WARN_UNINITIALIZED_AUTOS = YES_AGGRESSIVE;
				GCC_WARN_UNUSED_FUNCTION = YES;
				GCC_WARN_UNUSED_VARIABLE = YES;
				IPHONEOS_DEPLOYMENT_TARGET = 14.5;
				MTL_ENABLE_DEBUG_INFO = INCLUDE_SOURCE;
				MTL_FAST_MATH = YES;
				ONLY_ACTIVE_ARCH = YES;
				SDKROOT = iphoneos;
				SWIFT_ACTIVE_COMPILATION_CONDITIONS = DEBUG;
				SWIFT_OPTIMIZATION_LEVEL = "-Onone";
			};
			name = Debug;
		};
		3F7E7CF727ABE573005EE388 /* Release */ = {
			isa = XCBuildConfiguration;
			buildSettings = {
				ALWAYS_SEARCH_USER_PATHS = NO;
				CLANG_ANALYZER_NONNULL = YES;
				CLANG_ANALYZER_NUMBER_OBJECT_CONVERSION = YES_AGGRESSIVE;
				CLANG_CXX_LANGUAGE_STANDARD = "gnu++14";
				CLANG_CXX_LIBRARY = "libc++";
				CLANG_ENABLE_MODULES = YES;
				CLANG_ENABLE_OBJC_ARC = YES;
				CLANG_ENABLE_OBJC_WEAK = YES;
				CLANG_WARN_BLOCK_CAPTURE_AUTORELEASING = YES;
				CLANG_WARN_BOOL_CONVERSION = YES;
				CLANG_WARN_COMMA = YES;
				CLANG_WARN_CONSTANT_CONVERSION = YES;
				CLANG_WARN_DEPRECATED_OBJC_IMPLEMENTATIONS = YES;
				CLANG_WARN_DIRECT_OBJC_ISA_USAGE = YES_ERROR;
				CLANG_WARN_DOCUMENTATION_COMMENTS = YES;
				CLANG_WARN_EMPTY_BODY = YES;
				CLANG_WARN_ENUM_CONVERSION = YES;
				CLANG_WARN_INFINITE_RECURSION = YES;
				CLANG_WARN_INT_CONVERSION = YES;
				CLANG_WARN_NON_LITERAL_NULL_CONVERSION = YES;
				CLANG_WARN_OBJC_IMPLICIT_RETAIN_SELF = YES;
				CLANG_WARN_OBJC_LITERAL_CONVERSION = YES;
				CLANG_WARN_OBJC_ROOT_CLASS = YES_ERROR;
				CLANG_WARN_QUOTED_INCLUDE_IN_FRAMEWORK_HEADER = YES;
				CLANG_WARN_RANGE_LOOP_ANALYSIS = YES;
				CLANG_WARN_STRICT_PROTOTYPES = YES;
				CLANG_WARN_SUSPICIOUS_MOVE = YES;
				CLANG_WARN_UNGUARDED_AVAILABILITY = YES_AGGRESSIVE;
				CLANG_WARN_UNREACHABLE_CODE = YES;
				CLANG_WARN__DUPLICATE_METHOD_MATCH = YES;
				COPY_PHASE_STRIP = NO;
				DEBUG_INFORMATION_FORMAT = "dwarf-with-dsym";
				ENABLE_NS_ASSERTIONS = NO;
				ENABLE_STRICT_OBJC_MSGSEND = YES;
				GCC_C_LANGUAGE_STANDARD = gnu11;
				GCC_NO_COMMON_BLOCKS = YES;
				GCC_WARN_64_TO_32_BIT_CONVERSION = YES;
				GCC_WARN_ABOUT_RETURN_TYPE = YES_ERROR;
				GCC_WARN_UNDECLARED_SELECTOR = YES;
				GCC_WARN_UNINITIALIZED_AUTOS = YES_AGGRESSIVE;
				GCC_WARN_UNUSED_FUNCTION = YES;
				GCC_WARN_UNUSED_VARIABLE = YES;
				IPHONEOS_DEPLOYMENT_TARGET = 14.5;
				MTL_ENABLE_DEBUG_INFO = NO;
				MTL_FAST_MATH = YES;
				SDKROOT = iphoneos;
				SWIFT_COMPILATION_MODE = wholemodule;
				SWIFT_OPTIMIZATION_LEVEL = "-O";
				VALIDATE_PRODUCT = YES;
			};
			name = Release;
		};
		3F7E7CF927ABE573005EE388 /* Debug */ = {
			isa = XCBuildConfiguration;
			buildSettings = {
				ALWAYS_EMBED_SWIFT_STANDARD_LIBRARIES = YES;
				ASSETCATALOG_COMPILER_APPICON_NAME = AppIcon;
				ASSETCATALOG_COMPILER_GLOBAL_ACCENT_COLOR_NAME = AccentColor;
				CODE_SIGN_STYLE = Automatic;
				DEVELOPMENT_TEAM = 9G6V47L895;
				INFOPLIST_FILE = "Relax App/Info.plist";
				IPHONEOS_DEPLOYMENT_TARGET = 14.0;
				LD_RUNPATH_SEARCH_PATHS = (
					"$(inherited)",
					"@executable_path/Frameworks",
				);
				PRODUCT_BUNDLE_IDENTIFIER = "com.Budovich.Ivan.Relax-App";
				PRODUCT_NAME = "$(TARGET_NAME)";
				SWIFT_VERSION = 5.0;
				TARGETED_DEVICE_FAMILY = "1,2";
			};
			name = Debug;
		};
		3F7E7CFA27ABE573005EE388 /* Release */ = {
			isa = XCBuildConfiguration;
			buildSettings = {
				ALWAYS_EMBED_SWIFT_STANDARD_LIBRARIES = YES;
				ASSETCATALOG_COMPILER_APPICON_NAME = AppIcon;
				ASSETCATALOG_COMPILER_GLOBAL_ACCENT_COLOR_NAME = AccentColor;
				CODE_SIGN_STYLE = Automatic;
				DEVELOPMENT_TEAM = 9G6V47L895;
				INFOPLIST_FILE = "Relax App/Info.plist";
				IPHONEOS_DEPLOYMENT_TARGET = 14.0;
				LD_RUNPATH_SEARCH_PATHS = (
					"$(inherited)",
					"@executable_path/Frameworks",
				);
				PRODUCT_BUNDLE_IDENTIFIER = "com.Budovich.Ivan.Relax-App";
				PRODUCT_NAME = "$(TARGET_NAME)";
				SWIFT_VERSION = 5.0;
				TARGETED_DEVICE_FAMILY = "1,2";
			};
			name = Release;
		};
/* End XCBuildConfiguration section */

/* Begin XCConfigurationList section */
		3F7E7CDF27ABE573005EE388 /* Build configuration list for PBXProject "Relax App" */ = {
			isa = XCConfigurationList;
			buildConfigurations = (
				3F7E7CF627ABE573005EE388 /* Debug */,
				3F7E7CF727ABE573005EE388 /* Release */,
			);
			defaultConfigurationIsVisible = 0;
			defaultConfigurationName = Release;
		};
		3F7E7CF827ABE573005EE388 /* Build configuration list for PBXNativeTarget "Relax App" */ = {
			isa = XCConfigurationList;
			buildConfigurations = (
				3F7E7CF927ABE573005EE388 /* Debug */,
				3F7E7CFA27ABE573005EE388 /* Release */,
			);
			defaultConfigurationIsVisible = 0;
			defaultConfigurationName = Release;
		};
/* End XCConfigurationList section */
	};
	rootObject = 3F7E7CDC27ABE573005EE388 /* Project object */;
}
